// !$*UTF8*$!
{
	archiveVersion = 1;
	classes = {
	};
	objectVersion = 56;
	objects = {

/* Begin PBXBuildFile section */
		3406747E2E15F8050077F381 /* LoginView.swift in Sources */ = {isa = PBXBuildFile; fileRef = 3406747D2E15F8050077F381 /* LoginView.swift */; };
		34635F762DFE8E7B006B3058 /* frontendApp.swift in Sources */ = {isa = PBXBuildFile; fileRef = 34635F752DFE8E7B006B3058 /* frontendApp.swift */; };
		34635F782DFE8E7B006B3058 /* ContentView.swift in Sources */ = {isa = PBXBuildFile; fileRef = 34635F772DFE8E7B006B3058 /* ContentView.swift */; };
		34635F7A2DFE8E7B006B3058 /* Item.swift in Sources */ = {isa = PBXBuildFile; fileRef = 34635F792DFE8E7B006B3058 /* Item.swift */; };
		34635F7C2DFE8E7D006B3058 /* Assets.xcassets in Resources */ = {isa = PBXBuildFile; fileRef = 34635F7B2DFE8E7D006B3058 /* Assets.xcassets */; };
		34635F7F2DFE8E7D006B3058 /* Preview Assets.xcassets in Resources */ = {isa = PBXBuildFile; fileRef = 34635F7E2DFE8E7D006B3058 /* Preview Assets.xcassets */; };
		34635F892DFE8E7D006B3058 /* frontendTests.swift in Sources */ = {isa = PBXBuildFile; fileRef = 34635F882DFE8E7D006B3058 /* frontendTests.swift */; };
		34635F932DFE8E7D006B3058 /* frontendUITests.swift in Sources */ = {isa = PBXBuildFile; fileRef = 34635F922DFE8E7D006B3058 /* frontendUITests.swift */; };
		34635F952DFE8E7D006B3058 /* frontendUITestsLaunchTests.swift in Sources */ = {isa = PBXBuildFile; fileRef = 34635F942DFE8E7D006B3058 /* frontendUITestsLaunchTests.swift */; };
		347DBEC42E3B30950089EC26 /* KoiBackgroundView.swift in Sources */ = {isa = PBXBuildFile; fileRef = 347DBEC32E3B30950089EC26 /* KoiBackgroundView.swift */; };
		34F1E5BF2E3C81E400E758E9 /* structs.swift in Sources */ = {isa = PBXBuildFile; fileRef = 34F1E5BE2E3C81E400E758E9 /* structs.swift */; };
		34F26B272E3181FB00E28034 /* SignUpView.swift in Sources */ = {isa = PBXBuildFile; fileRef = 34F26B262E3181FB00E28034 /* SignUpView.swift */; };
		34F26B2A2E342D5F00E28034 /* apiClient.swift in Sources */ = {isa = PBXBuildFile; fileRef = 34F26B282E342D5F00E28034 /* apiClient.swift */; };
		34F26B2B2E342D5F00E28034 /* KeychainManager.swift in Sources */ = {isa = PBXBuildFile; fileRef = 34F26B292E342D5F00E28034 /* KeychainManager.swift */; };
		34F26B2D2E342DA600E28034 /* mapView.swift in Sources */ = {isa = PBXBuildFile; fileRef = 34F26B2C2E342DA600E28034 /* mapView.swift */; };
<<<<<<< HEAD
		34F26B312E39B9B700E28034 /* profileView.swift in Sources */ = {isa = PBXBuildFile; fileRef = 34F26B302E39B9B700E28034 /* profileView.swift */; };
=======
		F67752DF2E3D6DFD00D0C2E5 /* shopView.swift in Sources */ = {isa = PBXBuildFile; fileRef = F67752DE2E3D6DF800D0C2E5 /* shopView.swift */; };
		F139B1A32E3DBBDE00E4170C /* functions.swift in Sources */ = {isa = PBXBuildFile; fileRef = F139B1A22E3DBBD500E4170C /* functions.swift */; };
>>>>>>> main
		F67C47B62E37EB6100B08DFA /* homePageView.swift in Sources */ = {isa = PBXBuildFile; fileRef = F67C47B52E37EB6100B08DFA /* homePageView.swift */; };
/* End PBXBuildFile section */

/* Begin PBXContainerItemProxy section */
		34635F852DFE8E7D006B3058 /* PBXContainerItemProxy */ = {
			isa = PBXContainerItemProxy;
			containerPortal = 34635F6A2DFE8E7B006B3058 /* Project object */;
			proxyType = 1;
			remoteGlobalIDString = 34635F712DFE8E7B006B3058;
			remoteInfo = frontend;
		};
		34635F8F2DFE8E7D006B3058 /* PBXContainerItemProxy */ = {
			isa = PBXContainerItemProxy;
			containerPortal = 34635F6A2DFE8E7B006B3058 /* Project object */;
			proxyType = 1;
			remoteGlobalIDString = 34635F712DFE8E7B006B3058;
			remoteInfo = frontend;
		};
/* End PBXContainerItemProxy section */

/* Begin PBXFileReference section */
		3406747D2E15F8050077F381 /* LoginView.swift */ = {isa = PBXFileReference; lastKnownFileType = sourcecode.swift; path = LoginView.swift; sourceTree = "<group>"; };
		34635F722DFE8E7B006B3058 /* frontend.app */ = {isa = PBXFileReference; explicitFileType = wrapper.application; includeInIndex = 0; path = frontend.app; sourceTree = BUILT_PRODUCTS_DIR; };
		34635F752DFE8E7B006B3058 /* frontendApp.swift */ = {isa = PBXFileReference; lastKnownFileType = sourcecode.swift; path = frontendApp.swift; sourceTree = "<group>"; };
		34635F772DFE8E7B006B3058 /* ContentView.swift */ = {isa = PBXFileReference; lastKnownFileType = sourcecode.swift; path = ContentView.swift; sourceTree = "<group>"; };
		34635F792DFE8E7B006B3058 /* Item.swift */ = {isa = PBXFileReference; lastKnownFileType = sourcecode.swift; path = Item.swift; sourceTree = "<group>"; };
		34635F7B2DFE8E7D006B3058 /* Assets.xcassets */ = {isa = PBXFileReference; lastKnownFileType = folder.assetcatalog; path = Assets.xcassets; sourceTree = "<group>"; };
		34635F7E2DFE8E7D006B3058 /* Preview Assets.xcassets */ = {isa = PBXFileReference; lastKnownFileType = folder.assetcatalog; path = "Preview Assets.xcassets"; sourceTree = "<group>"; };
		34635F842DFE8E7D006B3058 /* frontendTests.xctest */ = {isa = PBXFileReference; explicitFileType = wrapper.cfbundle; includeInIndex = 0; path = frontendTests.xctest; sourceTree = BUILT_PRODUCTS_DIR; };
		34635F882DFE8E7D006B3058 /* frontendTests.swift */ = {isa = PBXFileReference; lastKnownFileType = sourcecode.swift; path = frontendTests.swift; sourceTree = "<group>"; };
		34635F8E2DFE8E7D006B3058 /* frontendUITests.xctest */ = {isa = PBXFileReference; explicitFileType = wrapper.cfbundle; includeInIndex = 0; path = frontendUITests.xctest; sourceTree = BUILT_PRODUCTS_DIR; };
		34635F922DFE8E7D006B3058 /* frontendUITests.swift */ = {isa = PBXFileReference; lastKnownFileType = sourcecode.swift; path = frontendUITests.swift; sourceTree = "<group>"; };
		34635F942DFE8E7D006B3058 /* frontendUITestsLaunchTests.swift */ = {isa = PBXFileReference; lastKnownFileType = sourcecode.swift; path = frontendUITestsLaunchTests.swift; sourceTree = "<group>"; };
		347DBEC32E3B30950089EC26 /* KoiBackgroundView.swift */ = {isa = PBXFileReference; lastKnownFileType = sourcecode.swift; path = KoiBackgroundView.swift; sourceTree = "<group>"; };
		34F1E5BE2E3C81E400E758E9 /* structs.swift */ = {isa = PBXFileReference; lastKnownFileType = sourcecode.swift; path = structs.swift; sourceTree = "<group>"; };
		34F26B262E3181FB00E28034 /* SignUpView.swift */ = {isa = PBXFileReference; lastKnownFileType = sourcecode.swift; path = SignUpView.swift; sourceTree = "<group>"; };
		34F26B282E342D5F00E28034 /* apiClient.swift */ = {isa = PBXFileReference; fileEncoding = 4; lastKnownFileType = sourcecode.swift; path = apiClient.swift; sourceTree = "<group>"; };
		34F26B292E342D5F00E28034 /* KeychainManager.swift */ = {isa = PBXFileReference; fileEncoding = 4; lastKnownFileType = sourcecode.swift; path = KeychainManager.swift; sourceTree = "<group>"; };
		34F26B2C2E342DA600E28034 /* mapView.swift */ = {isa = PBXFileReference; lastKnownFileType = sourcecode.swift; path = mapView.swift; sourceTree = "<group>"; };
		34F26B302E39B9B700E28034 /* profileView.swift */ = {isa = PBXFileReference; lastKnownFileType = sourcecode.swift; path = profileView.swift; sourceTree = "<group>"; };
		F139B1A22E3DBBD500E4170C /* functions.swift */ = {isa = PBXFileReference; lastKnownFileType = sourcecode.swift; path = functions.swift; sourceTree = "<group>"; };
		F160D1B42E32BE9A002241BB /* Debug.xcconfig */ = {isa = PBXFileReference; lastKnownFileType = text.xcconfig; path = Debug.xcconfig; sourceTree = "<group>"; };
		F160D1B52E32BF6A002241BB /* Release.xcconfig */ = {isa = PBXFileReference; lastKnownFileType = text.xcconfig; path = Release.xcconfig; sourceTree = "<group>"; };
		F160D1B72E32C18E002241BB /* Info.plist */ = {isa = PBXFileReference; lastKnownFileType = text.plist; path = Info.plist; sourceTree = "<group>"; };
		F67752DE2E3D6DF800D0C2E5 /* shopView.swift */ = {isa = PBXFileReference; lastKnownFileType = sourcecode.swift; path = shopView.swift; sourceTree = "<group>"; };
		F67C47B52E37EB6100B08DFA /* homePageView.swift */ = {isa = PBXFileReference; lastKnownFileType = sourcecode.swift; path = homePageView.swift; sourceTree = "<group>"; };
/* End PBXFileReference section */

/* Begin PBXFrameworksBuildPhase section */
		34635F6F2DFE8E7B006B3058 /* Frameworks */ = {
			isa = PBXFrameworksBuildPhase;
			buildActionMask = 2147483647;
			files = (
			);
			runOnlyForDeploymentPostprocessing = 0;
		};
		34635F812DFE8E7D006B3058 /* Frameworks */ = {
			isa = PBXFrameworksBuildPhase;
			buildActionMask = 2147483647;
			files = (
			);
			runOnlyForDeploymentPostprocessing = 0;
		};
		34635F8B2DFE8E7D006B3058 /* Frameworks */ = {
			isa = PBXFrameworksBuildPhase;
			buildActionMask = 2147483647;
			files = (
			);
			runOnlyForDeploymentPostprocessing = 0;
		};
/* End PBXFrameworksBuildPhase section */

/* Begin PBXGroup section */
		34635F692DFE8E7B006B3058 = {
			isa = PBXGroup;
			children = (
				F160D1B52E32BF6A002241BB /* Release.xcconfig */,
				F160D1B42E32BE9A002241BB /* Debug.xcconfig */,
				34635F742DFE8E7B006B3058 /* frontend */,
				34635F872DFE8E7D006B3058 /* frontendTests */,
				34635F912DFE8E7D006B3058 /* frontendUITests */,
				34635F732DFE8E7B006B3058 /* Products */,
			);
			sourceTree = "<group>";
		};
		34635F732DFE8E7B006B3058 /* Products */ = {
			isa = PBXGroup;
			children = (
				34635F722DFE8E7B006B3058 /* frontend.app */,
				34635F842DFE8E7D006B3058 /* frontendTests.xctest */,
				34635F8E2DFE8E7D006B3058 /* frontendUITests.xctest */,
			);
			name = Products;
			sourceTree = "<group>";
		};
		34635F742DFE8E7B006B3058 /* frontend */ = {
			isa = PBXGroup;
			children = (
				F67752DE2E3D6DF800D0C2E5 /* shopView.swift */,
				F139B1A22E3DBBD500E4170C /* functions.swift */,
				F67C47B52E37EB6100B08DFA /* homePageView.swift */,
				34F26B282E342D5F00E28034 /* apiClient.swift */,
				34F26B292E342D5F00E28034 /* KeychainManager.swift */,
				F160D1B72E32C18E002241BB /* Info.plist */,
				34635F752DFE8E7B006B3058 /* frontendApp.swift */,
				34635F772DFE8E7B006B3058 /* ContentView.swift */,
				34F26B2C2E342DA600E28034 /* mapView.swift */,
				34635F792DFE8E7B006B3058 /* Item.swift */,
				34635F7B2DFE8E7D006B3058 /* Assets.xcassets */,
				34635F7D2DFE8E7D006B3058 /* Preview Content */,
				3406747D2E15F8050077F381 /* LoginView.swift */,
				34F26B262E3181FB00E28034 /* SignUpView.swift */,
				34F26B302E39B9B700E28034 /* profileView.swift */,
				34F1E5BE2E3C81E400E758E9 /* structs.swift */,
				347DBEC32E3B30950089EC26 /* KoiBackgroundView.swift */,
			);
			path = frontend;
			sourceTree = "<group>";
		};
		34635F7D2DFE8E7D006B3058 /* Preview Content */ = {
			isa = PBXGroup;
			children = (
				34635F7E2DFE8E7D006B3058 /* Preview Assets.xcassets */,
			);
			path = "Preview Content";
			sourceTree = "<group>";
		};
		34635F872DFE8E7D006B3058 /* frontendTests */ = {
			isa = PBXGroup;
			children = (
				34635F882DFE8E7D006B3058 /* frontendTests.swift */,
			);
			path = frontendTests;
			sourceTree = "<group>";
		};
		34635F912DFE8E7D006B3058 /* frontendUITests */ = {
			isa = PBXGroup;
			children = (
				34635F922DFE8E7D006B3058 /* frontendUITests.swift */,
				34635F942DFE8E7D006B3058 /* frontendUITestsLaunchTests.swift */,
			);
			path = frontendUITests;
			sourceTree = "<group>";
		};
/* End PBXGroup section */

/* Begin PBXNativeTarget section */
		34635F712DFE8E7B006B3058 /* frontend */ = {
			isa = PBXNativeTarget;
			buildConfigurationList = 34635F982DFE8E7D006B3058 /* Build configuration list for PBXNativeTarget "frontend" */;
			buildPhases = (
				34635F6E2DFE8E7B006B3058 /* Sources */,
				34635F6F2DFE8E7B006B3058 /* Frameworks */,
				34635F702DFE8E7B006B3058 /* Resources */,
			);
			buildRules = (
			);
			dependencies = (
			);
			name = frontend;
			productName = frontend;
			productReference = 34635F722DFE8E7B006B3058 /* frontend.app */;
			productType = "com.apple.product-type.application";
		};
		34635F832DFE8E7D006B3058 /* frontendTests */ = {
			isa = PBXNativeTarget;
			buildConfigurationList = 34635F9B2DFE8E7D006B3058 /* Build configuration list for PBXNativeTarget "frontendTests" */;
			buildPhases = (
				34635F802DFE8E7D006B3058 /* Sources */,
				34635F812DFE8E7D006B3058 /* Frameworks */,
				34635F822DFE8E7D006B3058 /* Resources */,
			);
			buildRules = (
			);
			dependencies = (
				34635F862DFE8E7D006B3058 /* PBXTargetDependency */,
			);
			name = frontendTests;
			productName = frontendTests;
			productReference = 34635F842DFE8E7D006B3058 /* frontendTests.xctest */;
			productType = "com.apple.product-type.bundle.unit-test";
		};
		34635F8D2DFE8E7D006B3058 /* frontendUITests */ = {
			isa = PBXNativeTarget;
			buildConfigurationList = 34635F9E2DFE8E7D006B3058 /* Build configuration list for PBXNativeTarget "frontendUITests" */;
			buildPhases = (
				34635F8A2DFE8E7D006B3058 /* Sources */,
				34635F8B2DFE8E7D006B3058 /* Frameworks */,
				34635F8C2DFE8E7D006B3058 /* Resources */,
			);
			buildRules = (
			);
			dependencies = (
				34635F902DFE8E7D006B3058 /* PBXTargetDependency */,
			);
			name = frontendUITests;
			productName = frontendUITests;
			productReference = 34635F8E2DFE8E7D006B3058 /* frontendUITests.xctest */;
			productType = "com.apple.product-type.bundle.ui-testing";
		};
/* End PBXNativeTarget section */

/* Begin PBXProject section */
		34635F6A2DFE8E7B006B3058 /* Project object */ = {
			isa = PBXProject;
			attributes = {
				BuildIndependentTargetsInParallel = 1;
				LastSwiftUpdateCheck = 1540;
				LastUpgradeCheck = 1540;
				TargetAttributes = {
					34635F712DFE8E7B006B3058 = {
						CreatedOnToolsVersion = 15.4;
					};
					34635F832DFE8E7D006B3058 = {
						CreatedOnToolsVersion = 15.4;
						TestTargetID = 34635F712DFE8E7B006B3058;
					};
					34635F8D2DFE8E7D006B3058 = {
						CreatedOnToolsVersion = 15.4;
						TestTargetID = 34635F712DFE8E7B006B3058;
					};
				};
			};
			buildConfigurationList = 34635F6D2DFE8E7B006B3058 /* Build configuration list for PBXProject "frontEnd" */;
			compatibilityVersion = "Xcode 14.0";
			developmentRegion = en;
			hasScannedForEncodings = 0;
			knownRegions = (
				en,
				Base,
			);
			mainGroup = 34635F692DFE8E7B006B3058;
			productRefGroup = 34635F732DFE8E7B006B3058 /* Products */;
			projectDirPath = "";
			projectRoot = "";
			targets = (
				34635F712DFE8E7B006B3058 /* frontend */,
				34635F832DFE8E7D006B3058 /* frontendTests */,
				34635F8D2DFE8E7D006B3058 /* frontendUITests */,
			);
		};
/* End PBXProject section */

/* Begin PBXResourcesBuildPhase section */
		34635F702DFE8E7B006B3058 /* Resources */ = {
			isa = PBXResourcesBuildPhase;
			buildActionMask = 2147483647;
			files = (
				34635F7F2DFE8E7D006B3058 /* Preview Assets.xcassets in Resources */,
				34635F7C2DFE8E7D006B3058 /* Assets.xcassets in Resources */,
			);
			runOnlyForDeploymentPostprocessing = 0;
		};
		34635F822DFE8E7D006B3058 /* Resources */ = {
			isa = PBXResourcesBuildPhase;
			buildActionMask = 2147483647;
			files = (
			);
			runOnlyForDeploymentPostprocessing = 0;
		};
		34635F8C2DFE8E7D006B3058 /* Resources */ = {
			isa = PBXResourcesBuildPhase;
			buildActionMask = 2147483647;
			files = (
			);
			runOnlyForDeploymentPostprocessing = 0;
		};
/* End PBXResourcesBuildPhase section */

/* Begin PBXSourcesBuildPhase section */
		34635F6E2DFE8E7B006B3058 /* Sources */ = {
			isa = PBXSourcesBuildPhase;
			buildActionMask = 2147483647;
			files = (
				34635F782DFE8E7B006B3058 /* ContentView.swift in Sources */,
				F139B1A32E3DBBDE00E4170C /* functions.swift in Sources */,
				34F26B2D2E342DA600E28034 /* mapView.swift in Sources */,
				34F26B272E3181FB00E28034 /* SignUpView.swift in Sources */,
				34F26B2B2E342D5F00E28034 /* KeychainManager.swift in Sources */,
				F67C47B62E37EB6100B08DFA /* homePageView.swift in Sources */,
				34635F7A2DFE8E7B006B3058 /* Item.swift in Sources */,
				34F26B2A2E342D5F00E28034 /* apiClient.swift in Sources */,
				347DBEC42E3B30950089EC26 /* KoiBackgroundView.swift in Sources */,
				34F1E5BF2E3C81E400E758E9 /* structs.swift in Sources */,
				3406747E2E15F8050077F381 /* LoginView.swift in Sources */,
				F67752DF2E3D6DFD00D0C2E5 /* shopView.swift in Sources */,
				34635F762DFE8E7B006B3058 /* frontendApp.swift in Sources */,
				34F26B312E39B9B700E28034 /* profileView.swift in Sources */,
			);
			runOnlyForDeploymentPostprocessing = 0;
		};
		34635F802DFE8E7D006B3058 /* Sources */ = {
			isa = PBXSourcesBuildPhase;
			buildActionMask = 2147483647;
			files = (
				34635F892DFE8E7D006B3058 /* frontendTests.swift in Sources */,
			);
			runOnlyForDeploymentPostprocessing = 0;
		};
		34635F8A2DFE8E7D006B3058 /* Sources */ = {
			isa = PBXSourcesBuildPhase;
			buildActionMask = 2147483647;
			files = (
				34635F952DFE8E7D006B3058 /* frontendUITestsLaunchTests.swift in Sources */,
				34635F932DFE8E7D006B3058 /* frontendUITests.swift in Sources */,
			);
			runOnlyForDeploymentPostprocessing = 0;
		};
/* End PBXSourcesBuildPhase section */

/* Begin PBXTargetDependency section */
		34635F862DFE8E7D006B3058 /* PBXTargetDependency */ = {
			isa = PBXTargetDependency;
			target = 34635F712DFE8E7B006B3058 /* frontend */;
			targetProxy = 34635F852DFE8E7D006B3058 /* PBXContainerItemProxy */;
		};
		34635F902DFE8E7D006B3058 /* PBXTargetDependency */ = {
			isa = PBXTargetDependency;
			target = 34635F712DFE8E7B006B3058 /* frontend */;
			targetProxy = 34635F8F2DFE8E7D006B3058 /* PBXContainerItemProxy */;
		};
/* End PBXTargetDependency section */

/* Begin XCBuildConfiguration section */
		34635F962DFE8E7D006B3058 /* Debug */ = {
			isa = XCBuildConfiguration;
			baseConfigurationReference = F160D1B42E32BE9A002241BB /* Debug.xcconfig */;
			buildSettings = {
				ALWAYS_SEARCH_USER_PATHS = NO;
				ASSETCATALOG_COMPILER_GENERATE_SWIFT_ASSET_SYMBOL_EXTENSIONS = YES;
				CLANG_ANALYZER_NONNULL = YES;
				CLANG_ANALYZER_NUMBER_OBJECT_CONVERSION = YES_AGGRESSIVE;
				CLANG_CXX_LANGUAGE_STANDARD = "gnu++20";
				CLANG_ENABLE_MODULES = YES;
				CLANG_ENABLE_OBJC_ARC = YES;
				CLANG_ENABLE_OBJC_WEAK = YES;
				CLANG_WARN_BLOCK_CAPTURE_AUTORELEASING = YES;
				CLANG_WARN_BOOL_CONVERSION = YES;
				CLANG_WARN_COMMA = YES;
				CLANG_WARN_CONSTANT_CONVERSION = YES;
				CLANG_WARN_DEPRECATED_OBJC_IMPLEMENTATIONS = YES;
				CLANG_WARN_DIRECT_OBJC_ISA_USAGE = YES_ERROR;
				CLANG_WARN_DOCUMENTATION_COMMENTS = YES;
				CLANG_WARN_EMPTY_BODY = YES;
				CLANG_WARN_ENUM_CONVERSION = YES;
				CLANG_WARN_INFINITE_RECURSION = YES;
				CLANG_WARN_INT_CONVERSION = YES;
				CLANG_WARN_NON_LITERAL_NULL_CONVERSION = YES;
				CLANG_WARN_OBJC_IMPLICIT_RETAIN_SELF = YES;
				CLANG_WARN_OBJC_LITERAL_CONVERSION = YES;
				CLANG_WARN_OBJC_ROOT_CLASS = YES_ERROR;
				CLANG_WARN_QUOTED_INCLUDE_IN_FRAMEWORK_HEADER = YES;
				CLANG_WARN_RANGE_LOOP_ANALYSIS = YES;
				CLANG_WARN_STRICT_PROTOTYPES = YES;
				CLANG_WARN_SUSPICIOUS_MOVE = YES;
				CLANG_WARN_UNGUARDED_AVAILABILITY = YES_AGGRESSIVE;
				CLANG_WARN_UNREACHABLE_CODE = YES;
				CLANG_WARN__DUPLICATE_METHOD_MATCH = YES;
				COPY_PHASE_STRIP = NO;
				DEBUG_INFORMATION_FORMAT = dwarf;
				ENABLE_STRICT_OBJC_MSGSEND = YES;
				ENABLE_TESTABILITY = YES;
				ENABLE_USER_SCRIPT_SANDBOXING = YES;
				GCC_C_LANGUAGE_STANDARD = gnu17;
				GCC_DYNAMIC_NO_PIC = NO;
				GCC_NO_COMMON_BLOCKS = YES;
				GCC_OPTIMIZATION_LEVEL = 0;
				GCC_PREPROCESSOR_DEFINITIONS = (
					"DEBUG=1",
					"$(inherited)",
				);
				GCC_WARN_64_TO_32_BIT_CONVERSION = YES;
				GCC_WARN_ABOUT_RETURN_TYPE = YES_ERROR;
				GCC_WARN_UNDECLARED_SELECTOR = YES;
				GCC_WARN_UNINITIALIZED_AUTOS = YES_AGGRESSIVE;
				GCC_WARN_UNUSED_FUNCTION = YES;
				GCC_WARN_UNUSED_VARIABLE = YES;
				IPHONEOS_DEPLOYMENT_TARGET = 17.5;
				LOCALIZATION_PREFERS_STRING_CATALOGS = YES;
				MTL_ENABLE_DEBUG_INFO = INCLUDE_SOURCE;
				MTL_FAST_MATH = YES;
				ONLY_ACTIVE_ARCH = YES;
				SDKROOT = iphoneos;
				SWIFT_ACTIVE_COMPILATION_CONDITIONS = "DEBUG $(inherited)";
				SWIFT_OPTIMIZATION_LEVEL = "-Onone";
			};
			name = Debug;
		};
		34635F972DFE8E7D006B3058 /* Release */ = {
			isa = XCBuildConfiguration;
			baseConfigurationReference = F160D1B52E32BF6A002241BB /* Release.xcconfig */;
			buildSettings = {
				ALWAYS_SEARCH_USER_PATHS = NO;
				ASSETCATALOG_COMPILER_GENERATE_SWIFT_ASSET_SYMBOL_EXTENSIONS = YES;
				CLANG_ANALYZER_NONNULL = YES;
				CLANG_ANALYZER_NUMBER_OBJECT_CONVERSION = YES_AGGRESSIVE;
				CLANG_CXX_LANGUAGE_STANDARD = "gnu++20";
				CLANG_ENABLE_MODULES = YES;
				CLANG_ENABLE_OBJC_ARC = YES;
				CLANG_ENABLE_OBJC_WEAK = YES;
				CLANG_WARN_BLOCK_CAPTURE_AUTORELEASING = YES;
				CLANG_WARN_BOOL_CONVERSION = YES;
				CLANG_WARN_COMMA = YES;
				CLANG_WARN_CONSTANT_CONVERSION = YES;
				CLANG_WARN_DEPRECATED_OBJC_IMPLEMENTATIONS = YES;
				CLANG_WARN_DIRECT_OBJC_ISA_USAGE = YES_ERROR;
				CLANG_WARN_DOCUMENTATION_COMMENTS = YES;
				CLANG_WARN_EMPTY_BODY = YES;
				CLANG_WARN_ENUM_CONVERSION = YES;
				CLANG_WARN_INFINITE_RECURSION = YES;
				CLANG_WARN_INT_CONVERSION = YES;
				CLANG_WARN_NON_LITERAL_NULL_CONVERSION = YES;
				CLANG_WARN_OBJC_IMPLICIT_RETAIN_SELF = YES;
				CLANG_WARN_OBJC_LITERAL_CONVERSION = YES;
				CLANG_WARN_OBJC_ROOT_CLASS = YES_ERROR;
				CLANG_WARN_QUOTED_INCLUDE_IN_FRAMEWORK_HEADER = YES;
				CLANG_WARN_RANGE_LOOP_ANALYSIS = YES;
				CLANG_WARN_STRICT_PROTOTYPES = YES;
				CLANG_WARN_SUSPICIOUS_MOVE = YES;
				CLANG_WARN_UNGUARDED_AVAILABILITY = YES_AGGRESSIVE;
				CLANG_WARN_UNREACHABLE_CODE = YES;
				CLANG_WARN__DUPLICATE_METHOD_MATCH = YES;
				COPY_PHASE_STRIP = NO;
				DEBUG_INFORMATION_FORMAT = "dwarf-with-dsym";
				ENABLE_NS_ASSERTIONS = NO;
				ENABLE_STRICT_OBJC_MSGSEND = YES;
				ENABLE_USER_SCRIPT_SANDBOXING = YES;
				GCC_C_LANGUAGE_STANDARD = gnu17;
				GCC_NO_COMMON_BLOCKS = YES;
				GCC_WARN_64_TO_32_BIT_CONVERSION = YES;
				GCC_WARN_ABOUT_RETURN_TYPE = YES_ERROR;
				GCC_WARN_UNDECLARED_SELECTOR = YES;
				GCC_WARN_UNINITIALIZED_AUTOS = YES_AGGRESSIVE;
				GCC_WARN_UNUSED_FUNCTION = YES;
				GCC_WARN_UNUSED_VARIABLE = YES;
				IPHONEOS_DEPLOYMENT_TARGET = 17.5;
				LOCALIZATION_PREFERS_STRING_CATALOGS = YES;
				MTL_ENABLE_DEBUG_INFO = NO;
				MTL_FAST_MATH = YES;
				SDKROOT = iphoneos;
				SWIFT_COMPILATION_MODE = wholemodule;
				VALIDATE_PRODUCT = YES;
			};
			name = Release;
		};
		34635F992DFE8E7D006B3058 /* Debug */ = {
			isa = XCBuildConfiguration;
			baseConfigurationReference = F160D1B42E32BE9A002241BB /* Debug.xcconfig */;
			buildSettings = {
				ASSETCATALOG_COMPILER_APPICON_NAME = AppIcon;
				ASSETCATALOG_COMPILER_GLOBAL_ACCENT_COLOR_NAME = AccentColor;
				CODE_SIGN_STYLE = Automatic;
				CURRENT_PROJECT_VERSION = 1;
				DEVELOPMENT_ASSET_PATHS = "\"frontend/Preview Content\"";
				DEVELOPMENT_TEAM = 322H562446;
				ENABLE_PREVIEWS = YES;
				GENERATE_INFOPLIST_FILE = YES;
				INFOPLIST_FILE = frontend/Info.plist;
				INFOPLIST_KEY_NSLocationAlwaysAndWhenInUseUsageDescription = "This app needs your location to show nearby stores.";
				INFOPLIST_KEY_NSLocationWhenInUseUsageDescription = "This app needs your location to show nearby stores.";
				INFOPLIST_KEY_UIApplicationSceneManifest_Generation = YES;
				INFOPLIST_KEY_UIApplicationSupportsIndirectInputEvents = YES;
				INFOPLIST_KEY_UILaunchScreen_Generation = YES;
				INFOPLIST_KEY_UISupportedInterfaceOrientations_iPad = "UIInterfaceOrientationPortrait UIInterfaceOrientationPortraitUpsideDown UIInterfaceOrientationLandscapeLeft UIInterfaceOrientationLandscapeRight";
				INFOPLIST_KEY_UISupportedInterfaceOrientations_iPhone = "UIInterfaceOrientationPortrait UIInterfaceOrientationLandscapeLeft UIInterfaceOrientationLandscapeRight";
				LD_RUNPATH_SEARCH_PATHS = (
					"$(inherited)",
					"@executable_path/Frameworks",
				);
				MARKETING_VERSION = 1.0;
				PRODUCT_BUNDLE_IDENTIFIER = koi.frontend;
				PRODUCT_NAME = "$(TARGET_NAME)";
				SWIFT_EMIT_LOC_STRINGS = YES;
				SWIFT_VERSION = 5.0;
				TARGETED_DEVICE_FAMILY = "1,2";
			};
			name = Debug;
		};
		34635F9A2DFE8E7D006B3058 /* Release */ = {
			isa = XCBuildConfiguration;
			baseConfigurationReference = F160D1B52E32BF6A002241BB /* Release.xcconfig */;
			buildSettings = {
				ASSETCATALOG_COMPILER_APPICON_NAME = AppIcon;
				ASSETCATALOG_COMPILER_GLOBAL_ACCENT_COLOR_NAME = AccentColor;
				CODE_SIGN_STYLE = Automatic;
				CURRENT_PROJECT_VERSION = 1;
				DEVELOPMENT_ASSET_PATHS = "\"frontend/Preview Content\"";
				DEVELOPMENT_TEAM = 322H562446;
				ENABLE_PREVIEWS = YES;
				GENERATE_INFOPLIST_FILE = YES;
				INFOPLIST_FILE = frontend/Info.plist;
				INFOPLIST_KEY_NSLocationAlwaysAndWhenInUseUsageDescription = "This app needs your location to show nearby stores.";
				INFOPLIST_KEY_NSLocationWhenInUseUsageDescription = "This app needs your location to show nearby stores.";
				INFOPLIST_KEY_UIApplicationSceneManifest_Generation = YES;
				INFOPLIST_KEY_UIApplicationSupportsIndirectInputEvents = YES;
				INFOPLIST_KEY_UILaunchScreen_Generation = YES;
				INFOPLIST_KEY_UISupportedInterfaceOrientations_iPad = "UIInterfaceOrientationPortrait UIInterfaceOrientationPortraitUpsideDown UIInterfaceOrientationLandscapeLeft UIInterfaceOrientationLandscapeRight";
				INFOPLIST_KEY_UISupportedInterfaceOrientations_iPhone = "UIInterfaceOrientationPortrait UIInterfaceOrientationLandscapeLeft UIInterfaceOrientationLandscapeRight";
				LD_RUNPATH_SEARCH_PATHS = (
					"$(inherited)",
					"@executable_path/Frameworks",
				);
				MARKETING_VERSION = 1.0;
				PRODUCT_BUNDLE_IDENTIFIER = koi.frontend;
				PRODUCT_NAME = "$(TARGET_NAME)";
				SWIFT_EMIT_LOC_STRINGS = YES;
				SWIFT_VERSION = 5.0;
				TARGETED_DEVICE_FAMILY = "1,2";
			};
			name = Release;
		};
		34635F9C2DFE8E7D006B3058 /* Debug */ = {
			isa = XCBuildConfiguration;
			baseConfigurationReference = F160D1B42E32BE9A002241BB /* Debug.xcconfig */;
			buildSettings = {
				ALWAYS_EMBED_SWIFT_STANDARD_LIBRARIES = YES;
				BUNDLE_LOADER = "$(TEST_HOST)";
				CODE_SIGN_STYLE = Automatic;
				CURRENT_PROJECT_VERSION = 1;
				DEVELOPMENT_TEAM = 322H562446;
				GENERATE_INFOPLIST_FILE = YES;
				IPHONEOS_DEPLOYMENT_TARGET = 17.5;
				MARKETING_VERSION = 1.0;
				PRODUCT_BUNDLE_IDENTIFIER = koi.frontendTests;
				PRODUCT_NAME = "$(TARGET_NAME)";
				SWIFT_EMIT_LOC_STRINGS = NO;
				SWIFT_VERSION = 5.0;
				TARGETED_DEVICE_FAMILY = "1,2";
				TEST_HOST = "$(BUILT_PRODUCTS_DIR)/frontend.app/$(BUNDLE_EXECUTABLE_FOLDER_PATH)/frontend";
			};
			name = Debug;
		};
		34635F9D2DFE8E7D006B3058 /* Release */ = {
			isa = XCBuildConfiguration;
			baseConfigurationReference = F160D1B52E32BF6A002241BB /* Release.xcconfig */;
			buildSettings = {
				ALWAYS_EMBED_SWIFT_STANDARD_LIBRARIES = YES;
				BUNDLE_LOADER = "$(TEST_HOST)";
				CODE_SIGN_STYLE = Automatic;
				CURRENT_PROJECT_VERSION = 1;
				DEVELOPMENT_TEAM = 322H562446;
				GENERATE_INFOPLIST_FILE = YES;
				IPHONEOS_DEPLOYMENT_TARGET = 17.5;
				MARKETING_VERSION = 1.0;
				PRODUCT_BUNDLE_IDENTIFIER = koi.frontendTests;
				PRODUCT_NAME = "$(TARGET_NAME)";
				SWIFT_EMIT_LOC_STRINGS = NO;
				SWIFT_VERSION = 5.0;
				TARGETED_DEVICE_FAMILY = "1,2";
				TEST_HOST = "$(BUILT_PRODUCTS_DIR)/frontend.app/$(BUNDLE_EXECUTABLE_FOLDER_PATH)/frontend";
			};
			name = Release;
		};
		34635F9F2DFE8E7D006B3058 /* Debug */ = {
			isa = XCBuildConfiguration;
			baseConfigurationReference = F160D1B42E32BE9A002241BB /* Debug.xcconfig */;
			buildSettings = {
				ALWAYS_EMBED_SWIFT_STANDARD_LIBRARIES = YES;
				CODE_SIGN_STYLE = Automatic;
				CURRENT_PROJECT_VERSION = 1;
				DEVELOPMENT_TEAM = 322H562446;
				GENERATE_INFOPLIST_FILE = YES;
				MARKETING_VERSION = 1.0;
				PRODUCT_BUNDLE_IDENTIFIER = koi.frontendUITests;
				PRODUCT_NAME = "$(TARGET_NAME)";
				SWIFT_EMIT_LOC_STRINGS = NO;
				SWIFT_VERSION = 5.0;
				TARGETED_DEVICE_FAMILY = "1,2";
				TEST_TARGET_NAME = frontend;
			};
			name = Debug;
		};
		34635FA02DFE8E7D006B3058 /* Release */ = {
			isa = XCBuildConfiguration;
			baseConfigurationReference = F160D1B52E32BF6A002241BB /* Release.xcconfig */;
			buildSettings = {
				ALWAYS_EMBED_SWIFT_STANDARD_LIBRARIES = YES;
				CODE_SIGN_STYLE = Automatic;
				CURRENT_PROJECT_VERSION = 1;
				DEVELOPMENT_TEAM = 322H562446;
				GENERATE_INFOPLIST_FILE = YES;
				MARKETING_VERSION = 1.0;
				PRODUCT_BUNDLE_IDENTIFIER = koi.frontendUITests;
				PRODUCT_NAME = "$(TARGET_NAME)";
				SWIFT_EMIT_LOC_STRINGS = NO;
				SWIFT_VERSION = 5.0;
				TARGETED_DEVICE_FAMILY = "1,2";
				TEST_TARGET_NAME = frontend;
			};
			name = Release;
		};
/* End XCBuildConfiguration section */

/* Begin XCConfigurationList section */
		34635F6D2DFE8E7B006B3058 /* Build configuration list for PBXProject "frontEnd" */ = {
			isa = XCConfigurationList;
			buildConfigurations = (
				34635F962DFE8E7D006B3058 /* Debug */,
				34635F972DFE8E7D006B3058 /* Release */,
			);
			defaultConfigurationIsVisible = 0;
			defaultConfigurationName = Debug;
		};
		34635F982DFE8E7D006B3058 /* Build configuration list for PBXNativeTarget "frontend" */ = {
			isa = XCConfigurationList;
			buildConfigurations = (
				34635F992DFE8E7D006B3058 /* Debug */,
				34635F9A2DFE8E7D006B3058 /* Release */,
			);
			defaultConfigurationIsVisible = 0;
			defaultConfigurationName = Debug;
		};
		34635F9B2DFE8E7D006B3058 /* Build configuration list for PBXNativeTarget "frontendTests" */ = {
			isa = XCConfigurationList;
			buildConfigurations = (
				34635F9C2DFE8E7D006B3058 /* Debug */,
				34635F9D2DFE8E7D006B3058 /* Release */,
			);
			defaultConfigurationIsVisible = 0;
			defaultConfigurationName = Debug;
		};
		34635F9E2DFE8E7D006B3058 /* Build configuration list for PBXNativeTarget "frontendUITests" */ = {
			isa = XCConfigurationList;
			buildConfigurations = (
				34635F9F2DFE8E7D006B3058 /* Debug */,
				34635FA02DFE8E7D006B3058 /* Release */,
			);
			defaultConfigurationIsVisible = 0;
			defaultConfigurationName = Debug;
		};
/* End XCConfigurationList section */
	};
	rootObject = 34635F6A2DFE8E7B006B3058 /* Project object */;
}
